{
  "version": 4,
  "terraform_version": "0.12.26",
  "serial": 201,
  "lineage": "d83857f8-ebff-2451-7209-7cc3d7645960",
  "outputs": {
    "cloudfront": {
      "value": "d2d85f1ojgca2x.cloudfront.net",
      "type": "string"
    }
  },
  "resources": [
    {
      "mode": "managed",
      "type": "aws_cloudfront_distribution",
      "name": "s3_distribution",
      "provider": "provider.aws",
      "instances": [
        {
          "schema_version": 1,
          "attributes": {
            "active_trusted_signers": {
              "enabled": "false",
              "items.#": "0"
            },
            "aliases": null,
            "arn": "arn:aws:cloudfront::069583769558:distribution/E1ZEIH63IAYB21",
            "cache_behavior": [],
            "caller_reference": "terraform-20200718122704563400000001",
            "comment": null,
            "custom_error_response": [],
            "default_cache_behavior": [
              {
                "allowed_methods": [
                  "DELETE",
                  "GET",
                  "HEAD",
                  "OPTIONS",
                  "PATCH",
                  "POST",
                  "PUT"
                ],
                "cached_methods": [
                  "GET",
                  "HEAD"
                ],
                "compress": false,
                "default_ttl": 3600,
                "field_level_encryption_id": "",
                "forwarded_values": [
                  {
                    "cookies": [
                      {
                        "forward": "none",
                        "whitelisted_names": null
                      }
                    ],
                    "headers": null,
                    "query_string": false,
                    "query_string_cache_keys": null
                  }
                ],
                "lambda_function_association": [],
                "max_ttl": 86400,
                "min_ttl": 0,
                "smooth_streaming": false,
                "target_origin_id": "bucket9521",
                "trusted_signers": null,
                "viewer_protocol_policy": "allow-all"
              }
            ],
            "default_root_object": "",
            "domain_name": "d2d85f1ojgca2x.cloudfront.net",
            "enabled": true,
            "etag": "E2CVRXD69A5X9M",
            "hosted_zone_id": "Z2FDTNDATAQYW2",
            "http_version": "http2",
            "id": "E1ZEIH63IAYB21",
            "in_progress_validation_batches": 0,
            "is_ipv6_enabled": false,
            "last_modified_time": "2020-07-18 12:27:07.621 +0000 UTC",
            "logging_config": [],
            "ordered_cache_behavior": [],
            "origin": [
              {
                "custom_header": [],
                "custom_origin_config": [],
                "domain_name": "bucket9521.s3.ap-south-1.amazonaws.com",
                "origin_id": "bucket9521",
                "origin_path": "",
                "s3_origin_config": []
              }
            ],
            "origin_group": [],
            "price_class": "PriceClass_All",
            "restrictions": [
              {
                "geo_restriction": [
                  {
                    "locations": null,
                    "restriction_type": "none"
                  }
                ]
              }
            ],
            "retain_on_delete": false,
            "status": "Deployed",
            "tags": null,
            "viewer_certificate": [
              {
                "acm_certificate_arn": "",
                "cloudfront_default_certificate": true,
                "iam_certificate_id": "",
                "minimum_protocol_version": "TLSv1",
                "ssl_support_method": ""
              }
            ],
            "wait_for_deployment": true,
            "web_acl_id": ""
          },
          "private": "eyJzY2hlbWFfdmVyc2lvbiI6IjEifQ==",
          "dependencies": [
            "aws_s3_bucket.my_bucket"
          ]
        }
      ]
    },
    {
      "mode": "managed",
      "type": "aws_efs_file_system",
      "name": "my_file_system",
      "provider": "provider.aws",
      "instances": [
        {
          "schema_version": 0,
          "attributes": {
            "arn": "arn:aws:elasticfilesystem:ap-south-1:069583769558:file-system/fs-79b723a8",
            "creation_token": "myuniquefilesystem",
            "dns_name": "fs-79b723a8.efs.ap-south-1.amazonaws.com",
            "encrypted": false,
            "id": "fs-79b723a8",
            "kms_key_id": "",
            "lifecycle_policy": [],
            "performance_mode": "generalPurpose",
            "provisioned_throughput_in_mibps": 0,
            "reference_name": null,
            "tags": {
              "Name": "MyProduct"
            },
            "throughput_mode": "bursting"
          },
          "private": "bnVsbA=="
        }
      ]
    },
    {
      "mode": "managed",
      "type": "aws_efs_mount_target",
      "name": "gamma",
      "provider": "provider.aws",
      "instances": [
        {
          "schema_version": 0,
          "attributes": {
            "availability_zone_id": "aps1-az1",
            "availability_zone_name": "ap-south-1a",
            "dns_name": "fs-79b723a8.efs.ap-south-1.amazonaws.com",
            "file_system_arn": "arn:aws:elasticfilesystem:ap-south-1:069583769558:file-system/fs-79b723a8",
            "file_system_id": "fs-79b723a8",
            "id": "fsmt-c1578610",
            "ip_address": "172.31.44.122",
            "mount_target_dns_name": "ap-south-1a.fs-79b723a8.efs.ap-south-1.amazonaws.com",
            "network_interface_id": "eni-0b16449c9786ac71f",
            "owner_id": "069583769558",
            "security_groups": [
              "sg-06e2f9b0863d1a447"
            ],
            "subnet_id": "subnet-67fbc10f"
          },
          "private": "bnVsbA==",
          "dependencies": [
            "aws_efs_file_system.my_file_system",
            "aws_instance.ins1",
            "aws_key_pair.webserver_key",
            "aws_security_group.allow_nfs",
            "aws_security_group.allow_traffic",
            "tls_private_key.webserver_key"
          ]
        }
      ]
    },
    {
      "mode": "managed",
      "type": "aws_instance",
      "name": "ins1",
      "provider": "provider.aws",
      "instances": [
        {
          "schema_version": 1,
          "attributes": {
            "ami": "ami-005956c5f0f757d37",
            "arn": "arn:aws:ec2:ap-south-1:069583769558:instance/i-0934836c4c6ce3d0e",
            "associate_public_ip_address": true,
            "availability_zone": "ap-south-1a",
            "cpu_core_count": 1,
            "cpu_threads_per_core": 1,
            "credit_specification": [
              {
                "cpu_credits": "standard"
              }
            ],
            "disable_api_termination": false,
            "ebs_block_device": [],
            "ebs_optimized": false,
            "ephemeral_block_device": [],
            "get_password_data": false,
            "hibernation": false,
            "host_id": null,
            "iam_instance_profile": "",
            "id": "i-0934836c4c6ce3d0e",
            "instance_initiated_shutdown_behavior": null,
            "instance_state": "running",
            "instance_type": "t2.micro",
            "ipv6_address_count": 0,
            "ipv6_addresses": [],
            "key_name": "mynewkey",
            "metadata_options": [
              {
                "http_endpoint": "enabled",
                "http_put_response_hop_limit": 1,
                "http_tokens": "optional"
              }
            ],
            "monitoring": false,
            "network_interface": [],
            "network_interface_id": null,
            "outpost_arn": "",
            "password_data": "",
            "placement_group": "",
            "primary_network_interface_id": "eni-0dc518bb473ad5d00",
            "private_dns": "ip-172-31-42-220.ap-south-1.compute.internal",
            "private_ip": "172.31.42.220",
            "public_dns": "ec2-13-232-251-239.ap-south-1.compute.amazonaws.com",
            "public_ip": "13.232.251.239",
            "root_block_device": [
              {
                "delete_on_termination": true,
                "device_name": "/dev/xvda",
                "encrypted": false,
                "iops": 100,
                "kms_key_id": "",
                "volume_id": "vol-017169b465e128776",
                "volume_size": 8,
                "volume_type": "gp2"
              }
            ],
            "security_groups": [
              "allowed_traffic"
            ],
            "source_dest_check": true,
            "subnet_id": "subnet-67fbc10f",
            "tags": {
              "Name": "teraOS"
            },
            "tenancy": "default",
            "timeouts": null,
            "user_data": null,
            "user_data_base64": null,
            "volume_tags": {},
            "vpc_security_group_ids": [
              "sg-04a76b7885c46a923"
            ]
          },
          "private": "eyJlMmJmYjczMC1lY2FhLTExZTYtOGY4OC0zNDM2M2JjN2M0YzAiOnsiY3JlYXRlIjo2MDAwMDAwMDAwMDAsImRlbGV0ZSI6MTIwMDAwMDAwMDAwMCwidXBkYXRlIjo2MDAwMDAwMDAwMDB9LCJzY2hlbWFfdmVyc2lvbiI6IjEifQ==",
          "dependencies": [
            "aws_key_pair.webserver_key",
            "aws_security_group.allow_traffic",
            "tls_private_key.webserver_key"
          ]
        }
      ]
    },
    {
      "mode": "managed",
      "type": "aws_key_pair",
      "name": "webserver_key",
      "provider": "provider.aws",
      "instances": [
        {
          "schema_version": 1,
          "attributes": {
            "arn": "arn:aws:ec2:ap-south-1:069583769558:key-pair/mynewkey",
            "fingerprint": "09:4b:d1:a5:bf:87:c1:8d:87:4f:08:f3:45:ed:62:8a",
            "id": "mynewkey",
            "key_name": "mynewkey",
            "key_name_prefix": null,
            "key_pair_id": "key-0c203d37bb5ca4ec6",
            "public_key": "ssh-rsa AAAAB3NzaC1yc2EAAAADAQABAAACAQDA2bdYt8xjs0yNZnieHGnRZiU+TAQM54P3VN3rdcebZj6G2aUXasBZ9rPZQsPK2e77SPeVAipymePsnM4gDS7NIvoUjqdz61TBUkP/F3QZo9zXnhtYRQTga64D8dK+NkSjSiZt6/gdrn0pMe+69rgX22qn2hT4e575gRmPUHDNlmu7EX3aX4IbN8pi50SJbNcGMY7viJ9ezCfkjtSHWfNDRrYeG1B5QTfEjk3Azhh7A3juRYxGQJxq25VZPdcFOWn7daEwqWAztw4IS1yP7NkNp2ReS509ZJx/ynVcLt8ksQNXW8PDnnvqX8n1yqJ98gad1L6aKR5ZXBx7DInl+Qsb7P7wxXWZM89fsTcfc9JZyLp6BQUiC39g/Lm3PHs8XHMkYahLdoMqtUovWhY6avHfHz3WiBVuRJFbbfkzF1rIYx85Q4sefwYoTypX6qdk9bAKgj6KW0mFt3FyO60xPflsPku7+jiLQjqHsbczrt/WldEbD9KZxe3/FpczUkhekSU8Rd17N14r1s0srBlA4Duydgd0PdwNPr7W+GW2ZhqpoinqSJ5dyXfxI53MPKj6WfMViGDmx9sQYWTyP+yJ3gez7CKVYLhqdMerw/u/nSfi+sEHF30/YnREQo6YEIp/5yg7ukXenNBm49V8T7c0lJiPW1yJaEq34jfqwyt0v1/mGQ==",
            "tags": null
          },
          "private": "eyJzY2hlbWFfdmVyc2lvbiI6IjEifQ==",
          "dependencies": [
            "tls_private_key.webserver_key"
          ]
        }
      ]
    },
    {
      "mode": "managed",
      "type": "aws_s3_bucket",
      "name": "my_bucket",
      "provider": "provider.aws",
      "instances": [
        {
          "schema_version": 0,
          "attributes": {
            "acceleration_status": "",
            "acl": "public-read",
            "arn": "arn:aws:s3:::bucket9521",
            "bucket": "bucket9521",
            "bucket_domain_name": "bucket9521.s3.amazonaws.com",
            "bucket_prefix": null,
            "bucket_regional_domain_name": "bucket9521.s3.ap-south-1.amazonaws.com",
            "cors_rule": [],
            "force_destroy": false,
            "grant": [],
            "hosted_zone_id": "Z11RGJOFQNVJUP",
            "id": "bucket9521",
            "lifecycle_rule": [],
            "logging": [],
            "object_lock_configuration": [],
            "policy": null,
            "region": "ap-south-1",
            "replication_configuration": [],
            "request_payer": "BucketOwner",
            "server_side_encryption_configuration": [],
            "tags": null,
            "versioning": [
              {
                "enabled": false,
                "mfa_delete": false
              }
            ],
            "website": [],
            "website_domain": null,
            "website_endpoint": null
          },
          "private": "bnVsbA=="
        }
      ]
    },
    {
      "mode": "managed",
      "type": "aws_s3_bucket_object",
      "name": "object1",
      "provider": "provider.aws",
      "instances": [
        {
          "schema_version": 0,
          "attributes": {
            "acl": "public-read",
            "bucket": "bucket9521",
            "cache_control": "",
            "content": null,
            "content_base64": null,
            "content_disposition": "",
            "content_encoding": "",
            "content_language": "",
            "content_type": "binary/octet-stream",
            "etag": "2128e321d86f1f447dee69a7b8882bea",
            "force_destroy": false,
            "id": "bucket_image.jpg",
            "key": "bucket_image.jpg",
            "kms_key_id": null,
            "metadata": null,
            "object_lock_legal_hold_status": "",
            "object_lock_mode": "",
            "object_lock_retain_until_date": "",
            "server_side_encryption": "",
            "source": "H:/Hybrid Cloud/terraform/EFS-Task2/test-repo/images/Terraform-main-image.jpg",
            "storage_class": "STANDARD",
            "tags": null,
            "version_id": "",
            "website_redirect": ""
          },
          "private": "bnVsbA==",
          "dependencies": [
            "aws_s3_bucket.my_bucket",
            "null_resource.null"
          ]
        }
      ]
    },
    {
      "mode": "managed",
      "type": "aws_security_group",
      "name": "allow_nfs",
      "provider": "provider.aws",
      "instances": [
        {
          "schema_version": 1,
          "attributes": {
            "arn": "arn:aws:ec2:ap-south-1:069583769558:security-group/sg-06e2f9b0863d1a447",
            "description": "Managed by Terraform",
            "egress": [
              {
                "cidr_blocks": [
                  "0.0.0.0/0"
                ],
                "description": "",
                "from_port": 0,
                "ipv6_cidr_blocks": [],
                "prefix_list_ids": [],
                "protocol": "-1",
                "security_groups": [],
                "self": false,
                "to_port": 0
              }
            ],
            "id": "sg-06e2f9b0863d1a447",
            "ingress": [
              {
                "cidr_blocks": [
                  "0.0.0.0/0"
                ],
                "description": "",
                "from_port": 2049,
                "ipv6_cidr_blocks": [],
                "prefix_list_ids": [],
                "protocol": "tcp",
                "security_groups": [],
                "self": false,
                "to_port": 2049
              }
            ],
            "name": "NFS_security",
            "name_prefix": null,
            "owner_id": "069583769558",
            "revoke_rules_on_delete": false,
            "tags": null,
            "timeouts": null,
            "vpc_id": "vpc-c0e0fda8"
          },
          "private": "eyJlMmJmYjczMC1lY2FhLTExZTYtOGY4OC0zNDM2M2JjN2M0YzAiOnsiY3JlYXRlIjo2MDAwMDAwMDAwMDAsImRlbGV0ZSI6NjAwMDAwMDAwMDAwfSwic2NoZW1hX3ZlcnNpb24iOiIxIn0="
        }
      ]
    },
    {
      "mode": "managed",
      "type": "aws_security_group",
      "name": "allow_traffic",
      "provider": "provider.aws",
      "instances": [
        {
          "schema_version": 1,
          "attributes": {
            "arn": "arn:aws:ec2:ap-south-1:069583769558:security-group/sg-04a76b7885c46a923",
            "description": "Managed by Terraform",
            "egress": [
              {
                "cidr_blocks": [
                  "0.0.0.0/0"
                ],
                "description": "",
                "from_port": 0,
                "ipv6_cidr_blocks": [],
                "prefix_list_ids": [],
                "protocol": "-1",
                "security_groups": [],
                "self": false,
                "to_port": 0
              }
            ],
            "id": "sg-04a76b7885c46a923",
            "ingress": [
              {
                "cidr_blocks": [
                  "0.0.0.0/0"
                ],
                "description": "",
                "from_port": 2049,
                "ipv6_cidr_blocks": [],
                "prefix_list_ids": [],
                "protocol": "tcp",
                "security_groups": [],
                "self": false,
                "to_port": 2049
              },
              {
                "cidr_blocks": [
                  "0.0.0.0/0"
                ],
                "description": "",
                "from_port": 22,
                "ipv6_cidr_blocks": [],
                "prefix_list_ids": [],
                "protocol": "tcp",
                "security_groups": [],
                "self": false,
                "to_port": 22
              },
              {
                "cidr_blocks": [
                  "0.0.0.0/0"
                ],
                "description": "",
                "from_port": 80,
                "ipv6_cidr_blocks": [],
                "prefix_list_ids": [],
                "protocol": "tcp",
                "security_groups": [],
                "self": false,
                "to_port": 80
              }
            ],
            "name": "allowed_traffic",
            "name_prefix": null,
            "owner_id": "069583769558",
            "revoke_rules_on_delete": false,
            "tags": null,
            "timeouts": null,
            "vpc_id": "vpc-c0e0fda8"
          },
          "private": "eyJlMmJmYjczMC1lY2FhLTExZTYtOGY4OC0zNDM2M2JjN2M0YzAiOnsiY3JlYXRlIjo2MDAwMDAwMDAwMDAsImRlbGV0ZSI6NjAwMDAwMDAwMDAwfSwic2NoZW1hX3ZlcnNpb24iOiIxIn0="
        }
      ]
    },
    {
      "mode": "managed",
      "type": "local_file",
      "name": "private_key",
      "provider": "provider.local",
      "instances": [
        {
          "schema_version": 0,
          "attributes": {
            "content": "-----BEGIN RSA PRIVATE KEY-----\nMIIJKQIBAAKCAgEAwNm3WLfMY7NMjWZ4nhxp0WYlPkwEDOeD91Td63XHm2Y+html\nF2rAWfaz2ULDytnu+0j3lQIqcpnj7JzOIA0uzSL6FI6nc+tUwVJD/xd0GaPc154b\nWEUE4GuuA/HSvjZEo0ombev4Ha59KTHvuva4F9tqp9oU+Hue+YEZj1BwzZZruxF9\n2l+CGzfKYudEiWzXBjGO74ifXswn5I7Uh1nzQ0a2HhtQeUE3xI5NwM4YewN47kWM\nRkCcatuVWT3XBTlp+3WhMKlgM7cOCEtcj+zZDadkXkudPWScf8p1XC7fJLEDV1vD\nw5576l/J9cqiffIGndS+mikeWVwcewyJ5fkLG+z+8MV1mTPPX7E3H3PSWci6egUF\nIgt/YPy5tzx7PFxzJGGoS3aDKrVKL1oWOmrx3x891ogVbkSRW235MxdayGMfOUOL\nHn8GKE8qV+qnZPWwCoI+iltJhbdxcjutMT35bD5Lu/o4i0I6h7G3M67f1pXRGw/S\nmcXt/xaXM1JIXpElPEXdezdeK9bNLKwZQOA7snYHdD3cDT6+1vhltmYaqaIp6kie\nXcl38SOdzDyo+lnzFYhg5sfbEGFk8j/sid4Hs+wilWC4anTHq8P7v50n4vrBBxd9\nP2J0REKOmBCKf+coO7pF3pzQZuPVfE+3NJSYj1tciWhKt+I36sMrdL9f5hkCAwEA\nAQKCAgAHuXC3k/0SzT62tzEDnD28zmuVeDP9VFSb1oFhCgGpvsmoWxVav8Lel5wS\nirMO7/W7iOupw0Fx/6n6czlqXTzPqKP9qM0aPoXRjHr+v7C9yitxU3ri6TjNyGJa\n9Bet2LydEb5CTt5MSg3nVYG1qmYrRnWaLYkDfugaNEqSy/UItwqvnn68/XBXqL9p\ngLvlCT//loKUI5PGl0TNyc7HcRnmSvHGeO+bO7qBG/YPT/H5E2WHna+FrNbXDN6J\niYmQQwF0ufxv14jr6Vwdhu85MJJtEpRZlovAxsPh9nkG7TWw4YoxuJI5xqJN+/I5\n7xjdFJGhRsEvqY/2olLdtt3bIUOJk/5+Shb9eCcXRfpLd+tnBC9SHmrqYkwRCom+\nv1P+HnFU5cRT1DhlGgVWNM/5KD0N0PeAyKM6iEXE9KGhIVcCVDl7zH7k1ZgyTdJK\nW+YHHAcZBQJAY5qDh5JunAm4Mc9OXF5N8ZiWgrbYp1mRsQMCgV3kkgnlLDf/JD+l\nIhTk3yGziXz3kzYzUPPvy1oY/FnFuClFuJNXPu5/MK7SAJy1JSPjWLWTfwuv+sOX\nzg0MOmgtJrCXK69BSayPPYbRpoCJguwSMtp22F0JvIsBW+kUVEulB51W90dPdjSd\ny3WjT/OMI5O3T1+EPb5druVHhAKGH3jT0Kac4CgUhfvgft50ZQKCAQEA6CO/sIKZ\nnpnR1p/eIiLRFXCNqvEaSC0NpnouwWbFd0HOg6Q0Rqj1qfkBEO1aA5ZNEI17HNhK\nvMxJJ3V3sUG1OLeeOi+yMkefsnobq4NQiyY4QH2/48c6aP0zX+1dbCHH8TJM6KUG\nSBW47dKSdmo2FPILA0o8KYl9maefsgg4bakBIP9VgfFzOQA0/JmVQJDqDV/TXc4a\nfmQZQa/3f1Nzkpse08Ozghrk30VOnqAKeGuHzNGDl6UnxW6yekSnoNIAUo3zJyMg\nGvOnhd0k5IR/8dHdnejhOnP9on/SLaafSSaJsNZsG1XKBceElVnnR3HUrOTVszAr\nCn8y3XDf+DJZYwKCAQEA1KwoWGiOu98bQbczD0jZALCWEZ1c+mDrziAzPOKWD3lf\nUURl7sg7PsRVksXLnErjfNwSdRZnv4YlctSzNbZpvnbRKg68tZRQ06JFlyrO4FOw\n5LBeOsLXiY6oI2WxV5if8cCPKefFBVL/ggrz3TTSGzZzPML09O192xEvZe2+9Lcq\n78QBN6QQLYatcRgRMyWO+UiN33ab1MMUZRTcs5tAacOa7cqNvb1NLH54MNKWzCHh\nIOmcT3ll1jLR2rcUh7MdqTmh15rH+nYXZe83pTAwF0XUNr1eY3ax8tkJj3cQJr+p\nvDXrVD6sWSr8+ADPLMT/VrN0wghcAXdPo1+kaBjZUwKCAQAn+QfoCAUV11zXvT2N\n2Trxmyj513x0EzX3hbCJYv37tBwwdNT/mdZ7h0IUvRoz5eytPf+GDwSHkBHEtqh+\noFbpRkz7rfzcRZMNM5OSLBFxdIpZKI4jVcoMDBWNnhzpIsQAF25A3THAteTbJthL\nhax8XNVioqTLbj5vd/q6uEmnMGPeX7lEn+P8W7nECVo2/P0ggnCuBXBwdSIYOom+\npgsPoqBjTJ6bd7ATdia8j8hdxf5jWWx0b17y00XuYeYPfjnJ/WFySs0bdvtQxKy2\noM47QK0NpO0rmI+DLMlvTPK+sOEizzlcV6Bq8Fk3Mnztw38gqmLV8SRoMVD76pTW\ncy0LAoIBAQCgF7CPTLYVqs9j2rqvCNGB+Wweem0hdZBMrGSlspPvthgQnwJ0i3o9\nt6ILSKYLUzyII0oppeIXhK3wETmOd3CGlf7CQDHCJpHpnj/wmaL9r0J8BGAKr918\niUz8yHKFVDkizSd4DiZ76Yy5ofENVdPL9GMvHDs1nQmevQMHIb8bjD7gGpYoAnLD\nMpyhg9J+xAkqknlp/Gk18lwJ83hoI7iLZVndIxsr97J+if2EEyK9K8vC8Nhf4yzL\n35mloSftNuJfHyk7miJr4jWe4ELtMKci/cfQJSFGknVGMCdIPgKEiMcHDTfHRR6M\nSRYAwusx8mGcLJ756T0JRX1HqJmkWwBNAoIBAQDDT4lwaD9oUcRpGna2cyjqNEKR\nnk7XEgOxtysGpZLdSCuwR1OuD1NL3kffX6W2065m42F9cze0QDliHZgqgG22MgE3\ngCce0tWgxd0uWCJZ533fGwjsPcguNMZ9pqDHAAUfiVnG/08pL+M63RDuj+IGaJvI\nQk6mTsIy+CsGYvSV8IYGqJaFoYyE1IdTzjULQS6FQz5CUELxxEIeuRzbBqQ14cWg\nwLGn2qopR+0EQnPk+fbxT7/Lxks3w11SBbvNuIYK1wB2gKBK834909VdXz1Rtytr\nTDm1OxKvuwhmxTKE3upavUKh/OVXd+/6MOeWzY4krxh56N/CzUoFkcYSTCYG\n-----END RSA PRIVATE KEY-----\n",
            "content_base64": null,
            "directory_permission": "0777",
            "file_permission": "777",
            "filename": "Task2-key.pem",
            "id": "d3afc7b89714ce6081eab241fcb20bb103517c8a",
            "sensitive_content": null
          },
          "private": "bnVsbA==",
          "dependencies": [
            "tls_private_key.webserver_key"
          ]
        }
      ]
    },
    {
      "mode": "managed",
      "type": "null_resource",
      "name": "link",
      "provider": "provider.null",
      "instances": [
        {
          "schema_version": 0,
          "attributes": {
            "id": "6705305938973063004",
            "triggers": null
          },
          "private": "bnVsbA==",
          "dependencies": [
            "aws_instance.ins1",
            "aws_key_pair.webserver_key",
            "aws_security_group.allow_traffic",
            "tls_private_key.webserver_key"
          ]
        }
      ]
    },
    {
      "mode": "managed",
      "type": "null_resource",
      "name": "null",
      "provider": "provider.null",
      "instances": [
        {
          "schema_version": 0,
          "attributes": {
            "id": "4214499246639622756",
            "triggers": null
          },
          "private": "bnVsbA=="
        }
      ]
    },
    {
      "mode": "managed",
      "type": "null_resource",
      "name": "null2",
      "provider": "provider.null",
      "instances": [
        {
          "schema_version": 0,
          "attributes": {
            "id": "8414381955963179792",
            "triggers": null
          },
          "private": "bnVsbA==",
          "dependencies": [
            "aws_s3_bucket.my_bucket"
          ]
        }
      ]
    },
    {
      "mode": "managed",
      "type": "null_resource",
      "name": "nulll",
      "provider": "provider.null",
      "instances": [
        {
          "schema_version": 0,
          "attributes": {
            "id": "520990199567725271",
            "triggers": null
          },
          "private": "bnVsbA==",
          "dependencies": [
            "aws_cloudfront_distribution.s3_distribution",
            "aws_efs_file_system.my_file_system",
            "aws_efs_mount_target.gamma",
            "aws_instance.ins1",
            "aws_key_pair.webserver_key",
            "aws_s3_bucket.my_bucket",
            "aws_s3_bucket_object.object1",
            "aws_security_group.allow_nfs",
            "aws_security_group.allow_traffic",
            "null_resource.null",
            "tls_private_key.webserver_key"
          ]
        }
      ]
    },
    {
      "mode": "managed",
      "type": "tls_private_key",
      "name": "webserver_key",
      "provider": "provider.tls",
      "instances": [
        {
          "schema_version": 0,
          "attributes": {
            "algorithm": "RSA",
            "ecdsa_curve": "P224",
            "id": "df0d9daf9dbab41e09a1bade1e2e8341e0e41e6f",
            "private_key_pem": "-----BEGIN RSA PRIVATE KEY-----\nMIIJKQIBAAKCAgEAwNm3WLfMY7NMjWZ4nhxp0WYlPkwEDOeD91Td63XHm2Y+html\nF2rAWfaz2ULDytnu+0j3lQIqcpnj7JzOIA0uzSL6FI6nc+tUwVJD/xd0GaPc154b\nWEUE4GuuA/HSvjZEo0ombev4Ha59KTHvuva4F9tqp9oU+Hue+YEZj1BwzZZruxF9\n2l+CGzfKYudEiWzXBjGO74ifXswn5I7Uh1nzQ0a2HhtQeUE3xI5NwM4YewN47kWM\nRkCcatuVWT3XBTlp+3WhMKlgM7cOCEtcj+zZDadkXkudPWScf8p1XC7fJLEDV1vD\nw5576l/J9cqiffIGndS+mikeWVwcewyJ5fkLG+z+8MV1mTPPX7E3H3PSWci6egUF\nIgt/YPy5tzx7PFxzJGGoS3aDKrVKL1oWOmrx3x891ogVbkSRW235MxdayGMfOUOL\nHn8GKE8qV+qnZPWwCoI+iltJhbdxcjutMT35bD5Lu/o4i0I6h7G3M67f1pXRGw/S\nmcXt/xaXM1JIXpElPEXdezdeK9bNLKwZQOA7snYHdD3cDT6+1vhltmYaqaIp6kie\nXcl38SOdzDyo+lnzFYhg5sfbEGFk8j/sid4Hs+wilWC4anTHq8P7v50n4vrBBxd9\nP2J0REKOmBCKf+coO7pF3pzQZuPVfE+3NJSYj1tciWhKt+I36sMrdL9f5hkCAwEA\nAQKCAgAHuXC3k/0SzT62tzEDnD28zmuVeDP9VFSb1oFhCgGpvsmoWxVav8Lel5wS\nirMO7/W7iOupw0Fx/6n6czlqXTzPqKP9qM0aPoXRjHr+v7C9yitxU3ri6TjNyGJa\n9Bet2LydEb5CTt5MSg3nVYG1qmYrRnWaLYkDfugaNEqSy/UItwqvnn68/XBXqL9p\ngLvlCT//loKUI5PGl0TNyc7HcRnmSvHGeO+bO7qBG/YPT/H5E2WHna+FrNbXDN6J\niYmQQwF0ufxv14jr6Vwdhu85MJJtEpRZlovAxsPh9nkG7TWw4YoxuJI5xqJN+/I5\n7xjdFJGhRsEvqY/2olLdtt3bIUOJk/5+Shb9eCcXRfpLd+tnBC9SHmrqYkwRCom+\nv1P+HnFU5cRT1DhlGgVWNM/5KD0N0PeAyKM6iEXE9KGhIVcCVDl7zH7k1ZgyTdJK\nW+YHHAcZBQJAY5qDh5JunAm4Mc9OXF5N8ZiWgrbYp1mRsQMCgV3kkgnlLDf/JD+l\nIhTk3yGziXz3kzYzUPPvy1oY/FnFuClFuJNXPu5/MK7SAJy1JSPjWLWTfwuv+sOX\nzg0MOmgtJrCXK69BSayPPYbRpoCJguwSMtp22F0JvIsBW+kUVEulB51W90dPdjSd\ny3WjT/OMI5O3T1+EPb5druVHhAKGH3jT0Kac4CgUhfvgft50ZQKCAQEA6CO/sIKZ\nnpnR1p/eIiLRFXCNqvEaSC0NpnouwWbFd0HOg6Q0Rqj1qfkBEO1aA5ZNEI17HNhK\nvMxJJ3V3sUG1OLeeOi+yMkefsnobq4NQiyY4QH2/48c6aP0zX+1dbCHH8TJM6KUG\nSBW47dKSdmo2FPILA0o8KYl9maefsgg4bakBIP9VgfFzOQA0/JmVQJDqDV/TXc4a\nfmQZQa/3f1Nzkpse08Ozghrk30VOnqAKeGuHzNGDl6UnxW6yekSnoNIAUo3zJyMg\nGvOnhd0k5IR/8dHdnejhOnP9on/SLaafSSaJsNZsG1XKBceElVnnR3HUrOTVszAr\nCn8y3XDf+DJZYwKCAQEA1KwoWGiOu98bQbczD0jZALCWEZ1c+mDrziAzPOKWD3lf\nUURl7sg7PsRVksXLnErjfNwSdRZnv4YlctSzNbZpvnbRKg68tZRQ06JFlyrO4FOw\n5LBeOsLXiY6oI2WxV5if8cCPKefFBVL/ggrz3TTSGzZzPML09O192xEvZe2+9Lcq\n78QBN6QQLYatcRgRMyWO+UiN33ab1MMUZRTcs5tAacOa7cqNvb1NLH54MNKWzCHh\nIOmcT3ll1jLR2rcUh7MdqTmh15rH+nYXZe83pTAwF0XUNr1eY3ax8tkJj3cQJr+p\nvDXrVD6sWSr8+ADPLMT/VrN0wghcAXdPo1+kaBjZUwKCAQAn+QfoCAUV11zXvT2N\n2Trxmyj513x0EzX3hbCJYv37tBwwdNT/mdZ7h0IUvRoz5eytPf+GDwSHkBHEtqh+\noFbpRkz7rfzcRZMNM5OSLBFxdIpZKI4jVcoMDBWNnhzpIsQAF25A3THAteTbJthL\nhax8XNVioqTLbj5vd/q6uEmnMGPeX7lEn+P8W7nECVo2/P0ggnCuBXBwdSIYOom+\npgsPoqBjTJ6bd7ATdia8j8hdxf5jWWx0b17y00XuYeYPfjnJ/WFySs0bdvtQxKy2\noM47QK0NpO0rmI+DLMlvTPK+sOEizzlcV6Bq8Fk3Mnztw38gqmLV8SRoMVD76pTW\ncy0LAoIBAQCgF7CPTLYVqs9j2rqvCNGB+Wweem0hdZBMrGSlspPvthgQnwJ0i3o9\nt6ILSKYLUzyII0oppeIXhK3wETmOd3CGlf7CQDHCJpHpnj/wmaL9r0J8BGAKr918\niUz8yHKFVDkizSd4DiZ76Yy5ofENVdPL9GMvHDs1nQmevQMHIb8bjD7gGpYoAnLD\nMpyhg9J+xAkqknlp/Gk18lwJ83hoI7iLZVndIxsr97J+if2EEyK9K8vC8Nhf4yzL\n35mloSftNuJfHyk7miJr4jWe4ELtMKci/cfQJSFGknVGMCdIPgKEiMcHDTfHRR6M\nSRYAwusx8mGcLJ756T0JRX1HqJmkWwBNAoIBAQDDT4lwaD9oUcRpGna2cyjqNEKR\nnk7XEgOxtysGpZLdSCuwR1OuD1NL3kffX6W2065m42F9cze0QDliHZgqgG22MgE3\ngCce0tWgxd0uWCJZ533fGwjsPcguNMZ9pqDHAAUfiVnG/08pL+M63RDuj+IGaJvI\nQk6mTsIy+CsGYvSV8IYGqJaFoYyE1IdTzjULQS6FQz5CUELxxEIeuRzbBqQ14cWg\nwLGn2qopR+0EQnPk+fbxT7/Lxks3w11SBbvNuIYK1wB2gKBK834909VdXz1Rtytr\nTDm1OxKvuwhmxTKE3upavUKh/OVXd+/6MOeWzY4krxh56N/CzUoFkcYSTCYG\n-----END RSA PRIVATE KEY-----\n",
            "public_key_fingerprint_md5": "de:7a:01:8e:73:e6:c0:14:c6:3e:18:c9:02:84:64:2e",
            "public_key_openssh": "ssh-rsa AAAAB3NzaC1yc2EAAAADAQABAAACAQDA2bdYt8xjs0yNZnieHGnRZiU+TAQM54P3VN3rdcebZj6G2aUXasBZ9rPZQsPK2e77SPeVAipymePsnM4gDS7NIvoUjqdz61TBUkP/F3QZo9zXnhtYRQTga64D8dK+NkSjSiZt6/gdrn0pMe+69rgX22qn2hT4e575gRmPUHDNlmu7EX3aX4IbN8pi50SJbNcGMY7viJ9ezCfkjtSHWfNDRrYeG1B5QTfEjk3Azhh7A3juRYxGQJxq25VZPdcFOWn7daEwqWAztw4IS1yP7NkNp2ReS509ZJx/ynVcLt8ksQNXW8PDnnvqX8n1yqJ98gad1L6aKR5ZXBx7DInl+Qsb7P7wxXWZM89fsTcfc9JZyLp6BQUiC39g/Lm3PHs8XHMkYahLdoMqtUovWhY6avHfHz3WiBVuRJFbbfkzF1rIYx85Q4sefwYoTypX6qdk9bAKgj6KW0mFt3FyO60xPflsPku7+jiLQjqHsbczrt/WldEbD9KZxe3/FpczUkhekSU8Rd17N14r1s0srBlA4Duydgd0PdwNPr7W+GW2ZhqpoinqSJ5dyXfxI53MPKj6WfMViGDmx9sQYWTyP+yJ3gez7CKVYLhqdMerw/u/nSfi+sEHF30/YnREQo6YEIp/5yg7ukXenNBm49V8T7c0lJiPW1yJaEq34jfqwyt0v1/mGQ==\n",
            "public_key_pem": "-----BEGIN PUBLIC KEY-----\nMIICIjANBgkqhkiG9w0BAQEFAAOCAg8AMIICCgKCAgEAwNm3WLfMY7NMjWZ4nhxp\n0WYlPkwEDOeD91Td63XHm2Y+htmlF2rAWfaz2ULDytnu+0j3lQIqcpnj7JzOIA0u\nzSL6FI6nc+tUwVJD/xd0GaPc154bWEUE4GuuA/HSvjZEo0ombev4Ha59KTHvuva4\nF9tqp9oU+Hue+YEZj1BwzZZruxF92l+CGzfKYudEiWzXBjGO74ifXswn5I7Uh1nz\nQ0a2HhtQeUE3xI5NwM4YewN47kWMRkCcatuVWT3XBTlp+3WhMKlgM7cOCEtcj+zZ\nDadkXkudPWScf8p1XC7fJLEDV1vDw5576l/J9cqiffIGndS+mikeWVwcewyJ5fkL\nG+z+8MV1mTPPX7E3H3PSWci6egUFIgt/YPy5tzx7PFxzJGGoS3aDKrVKL1oWOmrx\n3x891ogVbkSRW235MxdayGMfOUOLHn8GKE8qV+qnZPWwCoI+iltJhbdxcjutMT35\nbD5Lu/o4i0I6h7G3M67f1pXRGw/SmcXt/xaXM1JIXpElPEXdezdeK9bNLKwZQOA7\nsnYHdD3cDT6+1vhltmYaqaIp6kieXcl38SOdzDyo+lnzFYhg5sfbEGFk8j/sid4H\ns+wilWC4anTHq8P7v50n4vrBBxd9P2J0REKOmBCKf+coO7pF3pzQZuPVfE+3NJSY\nj1tciWhKt+I36sMrdL9f5hkCAwEAAQ==\n-----END PUBLIC KEY-----\n",
            "rsa_bits": 4096
          },
          "private": "bnVsbA=="
        }
      ]
    }
  ]
}
